// !$*UTF8*$!
{
	archiveVersion = 1;
	classes = {
	};
	objectVersion = 46;
	objects = {
/* Begin PBXBuildFile section */
		0207DA581B56EA530066E2B4 /* Images.xcassets in Resources */ = {isa = PBXBuildFile; fileRef = 0207DA571B56EA530066E2B4 /* Images.xcassets */; };
		1D3623260D0F684500981E51 /* AppDelegate.m in Sources */ = {isa = PBXBuildFile; fileRef = 1D3623250D0F684500981E51 /* AppDelegate.m */; };
		1D60589B0D05DD56006BFB54 /* main.m in Sources */ = {isa = PBXBuildFile; fileRef = 29B97316FDCFA39411CA2CEA /* main.m */; };
		301BF552109A68D80062928A /* libCordova.a in Frameworks */ = {isa = PBXBuildFile; fileRef = 301BF535109A57CC0062928A /* libCordova.a */; };
		302D95F114D2391D003F00A1 /* MainViewController.m in Sources */ = {isa = PBXBuildFile; fileRef = 302D95EF14D2391D003F00A1 /* MainViewController.m */; };
		302D95F214D2391D003F00A1 /* MainViewController.xib in Resources */ = {isa = PBXBuildFile; fileRef = 302D95F014D2391D003F00A1 /* MainViewController.xib */; };
		3047A5121AB8059700498E2A /* build-debug.xcconfig in Resources */ = {isa = PBXBuildFile; fileRef = 3047A50F1AB8059700498E2A /* build-debug.xcconfig */; };
		3047A5131AB8059700498E2A /* build-release.xcconfig in Resources */ = {isa = PBXBuildFile; fileRef = 3047A5101AB8059700498E2A /* build-release.xcconfig */; };
		3047A5141AB8059700498E2A /* build.xcconfig in Resources */ = {isa = PBXBuildFile; fileRef = 3047A5111AB8059700498E2A /* build.xcconfig */; };
		989532FB8DA746F3808C304A /* CDVBattery.m in Sources */ = {isa = PBXBuildFile; fileRef = A04819BEF2E54BC196B93347 /* CDVBattery.m */; };
		A936BF501504468486276784 /* UIImage+CropScaleOrientation.m in Sources */ = {isa = PBXBuildFile; fileRef = 92F140BCC368460AA92C7FF2 /* UIImage+CropScaleOrientation.m */; };
		59938B297DBC4720B4926B0A /* CDVCamera.m in Sources */ = {isa = PBXBuildFile; fileRef = 6CC1286CE25D495F9BB0932A /* CDVCamera.m */; };
		6DB1693AACD04C159D1BF724 /* CDVJpegHeaderWriter.m in Sources */ = {isa = PBXBuildFile; fileRef = FCF2ED77FA30464B8D9B769D /* CDVJpegHeaderWriter.m */; };
		7D6AF565F5CC45A1B88973AC /* ImageIO.framework in Frameworks */ = {isa = PBXBuildFile; fileRef = 9C42D874059B4146B01F319D /* ImageIO.framework */; settings = {ATTRIBUTES = (Weak, ); }; };
		B5256922369244638849867F /* CoreLocation.framework in Frameworks */ = {isa = PBXBuildFile; fileRef = 7348FC2DCA2B492BB5B8D605 /* CoreLocation.framework */; };
		87BE13B51F9345BB8F1657FB /* AVFoundation.framework in Frameworks */ = {isa = PBXBuildFile; fileRef = 9E07E924F8D7471B83FBC3E1 /* AVFoundation.framework */; };
		13DD33C64BE249CEAB8713C0 /* CDVLogger.m in Sources */ = {isa = PBXBuildFile; fileRef = 617AB28F157842A2946C1E0B /* CDVLogger.m */; };
		879425E79B6C4EA6A0504D44 /* CDVContacts.m in Sources */ = {isa = PBXBuildFile; fileRef = CEAFA83307A44C0EBF254877 /* CDVContacts.m */; };
		1E044C07596E44E3882892C2 /* CDVContact.m in Sources */ = {isa = PBXBuildFile; fileRef = B0547D900DFF40739816D72A /* CDVContact.m */; };
		AC8B30A350264E62880E11DF /* AddressBook.framework in Frameworks */ = {isa = PBXBuildFile; fileRef = 49C7A201BC354BB9A5B23B9D /* AddressBook.framework */; settings = {ATTRIBUTES = (Weak, ); }; };
		CFADAE8A68554FCE9ACE4B2F /* AddressBookUI.framework in Frameworks */ = {isa = PBXBuildFile; fileRef = 4A6CB16A0F9A43A2B4D8E013 /* AddressBookUI.framework */; settings = {ATTRIBUTES = (Weak, ); }; };
		EED2638843AA4506B2D136B3 /* CDVDevice.m in Sources */ = {isa = PBXBuildFile; fileRef = 14297EA69619459384648D83 /* CDVDevice.m */; };
		FF2EEE8F2D7A4DC188677BED /* CDVAccelerometer.m in Sources */ = {isa = PBXBuildFile; fileRef = B200145C025F45B5B01456C9 /* CDVAccelerometer.m */; };
		003F7FCDE29E4E64824F5C88 /* CoreMotion.framework in Frameworks */ = {isa = PBXBuildFile; fileRef = 24B7AC19C0CC4D61B84E07B4 /* CoreMotion.framework */; };
		525864D37B7549CC971C15BC /* CDVCompass.m in Sources */ = {isa = PBXBuildFile; fileRef = A2D3295FBCDF4AFD871E86F3 /* CDVCompass.m */; };
		7FE3575C1DA44BCE94E34CCC /* CDVNotification.m in Sources */ = {isa = PBXBuildFile; fileRef = 601B6928EDF34AF7A5F7F0E6 /* CDVNotification.m */; };
		3B20E952AB654FCB80A969B9 /* CDVNotification.bundle in Resources */ = {isa = PBXBuildFile; fileRef = 0F56E10EF18E4DD09CAE230C /* CDVNotification.bundle */; };
		CDC6048756524F9BBD9A08B2 /* AudioToolbox.framework in Frameworks */ = {isa = PBXBuildFile; fileRef = 2F46DF79D3FB4082AF8739CB /* AudioToolbox.framework */; settings = {ATTRIBUTES = (Weak, ); }; };
		30048306FFC04E32B3D96B26 /* CDVFile.m in Sources */ = {isa = PBXBuildFile; fileRef = F4C525A72BDB474D8586B763 /* CDVFile.m */; };
		5F84E438EC32464EAC7E8F13 /* CDVLocalFilesystem.m in Sources */ = {isa = PBXBuildFile; fileRef = C3142BB3FD3147A3BC82A800 /* CDVLocalFilesystem.m */; };
		0BEBC80640ED433E8CBFA00C /* CDVAssetLibraryFilesystem.m in Sources */ = {isa = PBXBuildFile; fileRef = E361778A8E854B5EBB996502 /* CDVAssetLibraryFilesystem.m */; };
		F83CF5FA745D42FCA81F7485 /* CDVFileTransfer.m in Sources */ = {isa = PBXBuildFile; fileRef = 373640467E0F41C5A8C73615 /* CDVFileTransfer.m */; };
		F6C9D300719840E3BFC8817D /* CDVLocation.m in Sources */ = {isa = PBXBuildFile; fileRef = E4E95997654B4360968437C9 /* CDVLocation.m */; };
		EE5D4728A9AF477F91E0EB1C /* CDVGlobalization.m in Sources */ = {isa = PBXBuildFile; fileRef = 74FD788AD3E74B12BCEAA6D3 /* CDVGlobalization.m */; };
		47AD5C4108574FC0A48112D3 /* CDVInAppBrowser.m in Sources */ = {isa = PBXBuildFile; fileRef = 957059A0C0B545DB8D1CF576 /* CDVInAppBrowser.m */; };
		C63AE8EA76774EB2AA88A0B6 /* CDVSound.m in Sources */ = {isa = PBXBuildFile; fileRef = 97FE7656FB384945A62CF829 /* CDVSound.m */; };
		D65205FFC1A04E6FA08CDEBA /* CDVCapture.m in Sources */ = {isa = PBXBuildFile; fileRef = CBF5C5F826B649379FF8F940 /* CDVCapture.m */; };
		5409F123C9B749A1AA37F74D /* CDVCapture.bundle in Resources */ = {isa = PBXBuildFile; fileRef = A43362B7A50A473286D495B9 /* CDVCapture.bundle */; };
		FECB6F18E490497F9E0066A5 /* CDVConnection.m in Sources */ = {isa = PBXBuildFile; fileRef = 31007E41A88C4FC99D360398 /* CDVConnection.m */; };
		CE51582E167840F1A86809BE /* CDVReachability.m in Sources */ = {isa = PBXBuildFile; fileRef = 4FEE01A3C2B14976BD37CB27 /* CDVReachability.m */; };
		6973E26FA4FA44D9AD5D6BF5 /* SystemConfiguration.framework in Frameworks */ = {isa = PBXBuildFile; fileRef = 0E62988F79D5410EBE05764A /* SystemConfiguration.framework */; settings = {ATTRIBUTES = (Weak, ); }; };
		7B07086D7F724292AD28B816 /* CoreTelephony.framework in Frameworks */ = {isa = PBXBuildFile; fileRef = 7DE9EC5D32404673B5B47EC0 /* CoreTelephony.framework */; };
		65A016E7EBD043DAB0F79987 /* CDVSplashScreen.m in Sources */ = {isa = PBXBuildFile; fileRef = D68846AD2F9B4098961834C2 /* CDVSplashScreen.m */; };
		AFC21804A08541C3B88F785E /* CDVViewController+SplashScreen.m in Sources */ = {isa = PBXBuildFile; fileRef = ECDC09E5733F44489CF2903C /* CDVViewController+SplashScreen.m */; };
		99AB2D3A4D234DABA5F70ABC /* CDVStatusBar.m in Sources */ = {isa = PBXBuildFile; fileRef = 76B3471E540443CAB459E9ED /* CDVStatusBar.m */; };
		AB30458A1977415890166152 /* CDVVibration.m in Sources */ = {isa = PBXBuildFile; fileRef = D99A0792D76446E3A95EE342 /* CDVVibration.m */; };
/* End PBXBuildFile section */

/* Begin PBXContainerItemProxy section */
		301BF534109A57CC0062928A /* PBXContainerItemProxy */ = {
			isa = PBXContainerItemProxy;
			containerPortal = 301BF52D109A57CC0062928A /* CordovaLib.xcodeproj */;
			proxyType = 2;
			remoteGlobalIDString = D2AAC07E0554694100DB518D;
			remoteInfo = CordovaLib;
		};
		301BF550109A68C00062928A /* PBXContainerItemProxy */ = {
			isa = PBXContainerItemProxy;
			containerPortal = 301BF52D109A57CC0062928A /* CordovaLib.xcodeproj */;
			proxyType = 1;
			remoteGlobalIDString = D2AAC07D0554694100DB518D;
			remoteInfo = CordovaLib;
		};
/* End PBXContainerItemProxy section */

/* Begin PBXFileReference section */
		0207DA571B56EA530066E2B4 /* Images.xcassets */ = {isa = PBXFileReference; lastKnownFileType = folder.assetcatalog; name = Images.xcassets; path = "SmileApp/Images.xcassets"; sourceTree = SOURCE_ROOT; };
		1D3623240D0F684500981E51 /* AppDelegate.h */ = {isa = PBXFileReference; fileEncoding = 4; lastKnownFileType = sourcecode.c.h; path = AppDelegate.h; sourceTree = "<group>"; };
		1D3623250D0F684500981E51 /* AppDelegate.m */ = {isa = PBXFileReference; fileEncoding = 4; lastKnownFileType = sourcecode.c.objc; path = AppDelegate.m; sourceTree = "<group>"; };
		1D6058910D05DD3D006BFB54 /* SmileApp.app */ = {isa = PBXFileReference; explicitFileType = wrapper.application; includeInIndex = 0; path = "SmileApp.app"; sourceTree = BUILT_PRODUCTS_DIR; };
		29B97316FDCFA39411CA2CEA /* main.m */ = {isa = PBXFileReference; fileEncoding = 4; lastKnownFileType = sourcecode.c.objc; path = main.m; sourceTree = "<group>"; };
		301BF52D109A57CC0062928A /* CordovaLib.xcodeproj */ = {isa = PBXFileReference; lastKnownFileType = "wrapper.pb-project"; name = CordovaLib.xcodeproj; path = CordovaLib/CordovaLib.xcodeproj; sourceTree = "<group>"; };
		301BF56E109A69640062928A /* www */ = {isa = PBXFileReference; lastKnownFileType = folder; path = www; sourceTree = SOURCE_ROOT; };
		302D95EE14D2391D003F00A1 /* MainViewController.h */ = {isa = PBXFileReference; fileEncoding = 4; lastKnownFileType = sourcecode.c.h; path = MainViewController.h; sourceTree = "<group>"; };
		302D95EF14D2391D003F00A1 /* MainViewController.m */ = {isa = PBXFileReference; fileEncoding = 4; lastKnownFileType = sourcecode.c.objc; path = MainViewController.m; sourceTree = "<group>"; };
		302D95F014D2391D003F00A1 /* MainViewController.xib */ = {isa = PBXFileReference; fileEncoding = 4; lastKnownFileType = file.xib; path = MainViewController.xib; sourceTree = "<group>"; };
		3047A50F1AB8059700498E2A /* build-debug.xcconfig */ = {isa = PBXFileReference; fileEncoding = 4; lastKnownFileType = text.xcconfig; name = "build-debug.xcconfig"; path = cordova/build-debug.xcconfig; sourceTree = SOURCE_ROOT; };
		3047A5101AB8059700498E2A /* build-release.xcconfig */ = {isa = PBXFileReference; fileEncoding = 4; lastKnownFileType = text.xcconfig; name = "build-release.xcconfig"; path = cordova/build-release.xcconfig; sourceTree = SOURCE_ROOT; };
		3047A5111AB8059700498E2A /* build.xcconfig */ = {isa = PBXFileReference; fileEncoding = 4; lastKnownFileType = text.xcconfig; name = build.xcconfig; path = cordova/build.xcconfig; sourceTree = SOURCE_ROOT; };
		32CA4F630368D1EE00C91783 /* SmileApp-Prefix.pch */ = {isa = PBXFileReference; fileEncoding = 4; lastKnownFileType = sourcecode.c.h; path = "SmileApp-Prefix.pch"; sourceTree = "<group>"; };
		8D1107310486CEB800E47090 /* SmileApp-Info.plist */ = {isa = PBXFileReference; fileEncoding = 4; lastKnownFileType = text.plist.xml; name = "SmileApp-Info.plist"; path = "SmileApp/SmileApp-Info.plist"; plistStructureDefinitionIdentifier = "com.apple.xcode.plist.structure-definition.iphone.info-plist"; sourceTree = SOURCE_ROOT; };
		EB87FDF31871DA8E0020F90C /* www */ = {isa = PBXFileReference; lastKnownFileType = folder; name = www; path = ../../www; sourceTree = "<group>"; };
		EB87FDF41871DAF40020F90C /* config.xml */ = {isa = PBXFileReference; lastKnownFileType = text.xml; name = config.xml; path = ../../config.xml; sourceTree = "<group>"; };
		F840E1F0165FE0F500CFE078 /* config.xml */ = {isa = PBXFileReference; lastKnownFileType = text.xml; name = config.xml; path = "SmileApp/config.xml"; sourceTree = "<group>"; };
		ED33DF2A687741AEAF9F8254 /* Bridging-Header.h */ = {isa = PBXFileReference; fileEncoding = 4; lastKnownFileType = sourcecode.c.h; name = "Bridging-Header.h"; path = "Bridging-Header.h"; sourceTree = "<group>"; };
		A04819BEF2E54BC196B93347 /* CDVBattery.m */ = {isa = PBXFileReference; name = "CDVBattery.m"; path = "cordova-plugin-battery-status/CDVBattery.m"; sourceTree = "<group>"; fileEncoding = 4; lastKnownFileType = sourcecode.c.objc; explicitFileType = undefined; includeInIndex = 0; };
		63AE199E09A84836BBD681DC /* CDVBattery.h */ = {isa = PBXFileReference; name = "CDVBattery.h"; path = "cordova-plugin-battery-status/CDVBattery.h"; sourceTree = "<group>"; fileEncoding = 4; lastKnownFileType = sourcecode.c.h; explicitFileType = undefined; includeInIndex = 0; };
		92F140BCC368460AA92C7FF2 /* UIImage+CropScaleOrientation.m */ = {isa = PBXFileReference; name = "UIImage+CropScaleOrientation.m"; path = "cordova-plugin-camera/UIImage+CropScaleOrientation.m"; sourceTree = "<group>"; fileEncoding = 4; lastKnownFileType = sourcecode.c.objc; explicitFileType = undefined; includeInIndex = 0; };
		6CC1286CE25D495F9BB0932A /* CDVCamera.m */ = {isa = PBXFileReference; name = "CDVCamera.m"; path = "cordova-plugin-camera/CDVCamera.m"; sourceTree = "<group>"; fileEncoding = 4; lastKnownFileType = sourcecode.c.objc; explicitFileType = undefined; includeInIndex = 0; };
		FCF2ED77FA30464B8D9B769D /* CDVJpegHeaderWriter.m */ = {isa = PBXFileReference; name = "CDVJpegHeaderWriter.m"; path = "cordova-plugin-camera/CDVJpegHeaderWriter.m"; sourceTree = "<group>"; fileEncoding = 4; lastKnownFileType = sourcecode.c.objc; explicitFileType = undefined; includeInIndex = 0; };
		62119CCEA52C4C03963768D9 /* UIImage+CropScaleOrientation.h */ = {isa = PBXFileReference; name = "UIImage+CropScaleOrientation.h"; path = "cordova-plugin-camera/UIImage+CropScaleOrientation.h"; sourceTree = "<group>"; fileEncoding = 4; lastKnownFileType = sourcecode.c.h; explicitFileType = undefined; includeInIndex = 0; };
		0F5BE810A3704D569D72D34C /* CDVCamera.h */ = {isa = PBXFileReference; name = "CDVCamera.h"; path = "cordova-plugin-camera/CDVCamera.h"; sourceTree = "<group>"; fileEncoding = 4; lastKnownFileType = sourcecode.c.h; explicitFileType = undefined; includeInIndex = 0; };
		64692B66E39B49E9814C3D3E /* CDVJpegHeaderWriter.h */ = {isa = PBXFileReference; name = "CDVJpegHeaderWriter.h"; path = "cordova-plugin-camera/CDVJpegHeaderWriter.h"; sourceTree = "<group>"; fileEncoding = 4; lastKnownFileType = sourcecode.c.h; explicitFileType = undefined; includeInIndex = 0; };
		172DC8DD632741E193293CAD /* CDVExif.h */ = {isa = PBXFileReference; name = "CDVExif.h"; path = "cordova-plugin-camera/CDVExif.h"; sourceTree = "<group>"; fileEncoding = 4; lastKnownFileType = sourcecode.c.h; explicitFileType = undefined; includeInIndex = 0; };
		9C42D874059B4146B01F319D /* ImageIO.framework */ = {isa = PBXFileReference; name = "ImageIO.framework"; path = "System/Library/Frameworks/ImageIO.framework"; sourceTree = SDKROOT; fileEncoding = undefined; lastKnownFileType = wrapper.framework; explicitFileType = undefined; includeInIndex = 0; };
		7348FC2DCA2B492BB5B8D605 /* CoreLocation.framework */ = {isa = PBXFileReference; name = "CoreLocation.framework"; path = "System/Library/Frameworks/CoreLocation.framework"; sourceTree = SDKROOT; fileEncoding = undefined; lastKnownFileType = wrapper.framework; explicitFileType = undefined; includeInIndex = 0; };
		9E07E924F8D7471B83FBC3E1 /* AVFoundation.framework */ = {isa = PBXFileReference; name = "AVFoundation.framework"; path = "System/Library/Frameworks/AVFoundation.framework"; sourceTree = SDKROOT; fileEncoding = undefined; lastKnownFileType = wrapper.framework; explicitFileType = undefined; includeInIndex = 0; };
		617AB28F157842A2946C1E0B /* CDVLogger.m */ = {isa = PBXFileReference; name = "CDVLogger.m"; path = "cordova-plugin-console/CDVLogger.m"; sourceTree = "<group>"; fileEncoding = 4; lastKnownFileType = sourcecode.c.objc; explicitFileType = undefined; includeInIndex = 0; };
		794B28F7ACB24263B71E0C80 /* CDVLogger.h */ = {isa = PBXFileReference; name = "CDVLogger.h"; path = "cordova-plugin-console/CDVLogger.h"; sourceTree = "<group>"; fileEncoding = 4; lastKnownFileType = sourcecode.c.h; explicitFileType = undefined; includeInIndex = 0; };
		CEAFA83307A44C0EBF254877 /* CDVContacts.m */ = {isa = PBXFileReference; name = "CDVContacts.m"; path = "cordova-plugin-contacts/CDVContacts.m"; sourceTree = "<group>"; fileEncoding = 4; lastKnownFileType = sourcecode.c.objc; explicitFileType = undefined; includeInIndex = 0; };
		B0547D900DFF40739816D72A /* CDVContact.m */ = {isa = PBXFileReference; name = "CDVContact.m"; path = "cordova-plugin-contacts/CDVContact.m"; sourceTree = "<group>"; fileEncoding = 4; lastKnownFileType = sourcecode.c.objc; explicitFileType = undefined; includeInIndex = 0; };
		8502ECA305B84C8E8FDF80BF /* CDVContacts.h */ = {isa = PBXFileReference; name = "CDVContacts.h"; path = "cordova-plugin-contacts/CDVContacts.h"; sourceTree = "<group>"; fileEncoding = 4; lastKnownFileType = sourcecode.c.h; explicitFileType = undefined; includeInIndex = 0; };
		F5715C6E984D4E6093CC6ED6 /* CDVContact.h */ = {isa = PBXFileReference; name = "CDVContact.h"; path = "cordova-plugin-contacts/CDVContact.h"; sourceTree = "<group>"; fileEncoding = 4; lastKnownFileType = sourcecode.c.h; explicitFileType = undefined; includeInIndex = 0; };
		49C7A201BC354BB9A5B23B9D /* AddressBook.framework */ = {isa = PBXFileReference; name = "AddressBook.framework"; path = "System/Library/Frameworks/AddressBook.framework"; sourceTree = SDKROOT; fileEncoding = undefined; lastKnownFileType = wrapper.framework; explicitFileType = undefined; includeInIndex = 0; };
		4A6CB16A0F9A43A2B4D8E013 /* AddressBookUI.framework */ = {isa = PBXFileReference; name = "AddressBookUI.framework"; path = "System/Library/Frameworks/AddressBookUI.framework"; sourceTree = SDKROOT; fileEncoding = undefined; lastKnownFileType = wrapper.framework; explicitFileType = undefined; includeInIndex = 0; };
		14297EA69619459384648D83 /* CDVDevice.m */ = {isa = PBXFileReference; name = "CDVDevice.m"; path = "cordova-plugin-device/CDVDevice.m"; sourceTree = "<group>"; fileEncoding = 4; lastKnownFileType = sourcecode.c.objc; explicitFileType = undefined; includeInIndex = 0; };
		ADA38B0BA6D14CAD8D60043D /* CDVDevice.h */ = {isa = PBXFileReference; name = "CDVDevice.h"; path = "cordova-plugin-device/CDVDevice.h"; sourceTree = "<group>"; fileEncoding = 4; lastKnownFileType = sourcecode.c.h; explicitFileType = undefined; includeInIndex = 0; };
		B200145C025F45B5B01456C9 /* CDVAccelerometer.m */ = {isa = PBXFileReference; name = "CDVAccelerometer.m"; path = "cordova-plugin-device-motion/CDVAccelerometer.m"; sourceTree = "<group>"; fileEncoding = 4; lastKnownFileType = sourcecode.c.objc; explicitFileType = undefined; includeInIndex = 0; };
		A3AC3ED96196491D9A2567E4 /* CDVAccelerometer.h */ = {isa = PBXFileReference; name = "CDVAccelerometer.h"; path = "cordova-plugin-device-motion/CDVAccelerometer.h"; sourceTree = "<group>"; fileEncoding = 4; lastKnownFileType = sourcecode.c.h; explicitFileType = undefined; includeInIndex = 0; };
		24B7AC19C0CC4D61B84E07B4 /* CoreMotion.framework */ = {isa = PBXFileReference; name = "CoreMotion.framework"; path = "System/Library/Frameworks/CoreMotion.framework"; sourceTree = SDKROOT; fileEncoding = undefined; lastKnownFileType = wrapper.framework; explicitFileType = undefined; includeInIndex = 0; };
		A2D3295FBCDF4AFD871E86F3 /* CDVCompass.m */ = {isa = PBXFileReference; name = "CDVCompass.m"; path = "cordova-plugin-device-orientation/CDVCompass.m"; sourceTree = "<group>"; fileEncoding = 4; lastKnownFileType = sourcecode.c.objc; explicitFileType = undefined; includeInIndex = 0; };
		33A83F0E40F14F55B5F4B6B2 /* CDVCompass.h */ = {isa = PBXFileReference; name = "CDVCompass.h"; path = "cordova-plugin-device-orientation/CDVCompass.h"; sourceTree = "<group>"; fileEncoding = 4; lastKnownFileType = sourcecode.c.h; explicitFileType = undefined; includeInIndex = 0; };
		601B6928EDF34AF7A5F7F0E6 /* CDVNotification.m */ = {isa = PBXFileReference; name = "CDVNotification.m"; path = "cordova-plugin-dialogs/CDVNotification.m"; sourceTree = "<group>"; fileEncoding = 4; lastKnownFileType = sourcecode.c.objc; explicitFileType = undefined; includeInIndex = 0; };
		F18191F06FF444F0A6924C54 /* CDVNotification.h */ = {isa = PBXFileReference; name = "CDVNotification.h"; path = "cordova-plugin-dialogs/CDVNotification.h"; sourceTree = "<group>"; fileEncoding = 4; lastKnownFileType = sourcecode.c.h; explicitFileType = undefined; includeInIndex = 0; };
		0F56E10EF18E4DD09CAE230C /* CDVNotification.bundle */ = {isa = PBXFileReference; name = "CDVNotification.bundle"; path = "CDVNotification.bundle"; sourceTree = "<group>"; fileEncoding = undefined; lastKnownFileType = wrapper.plug-in; explicitFileType = undefined; includeInIndex = 0; };
		2F46DF79D3FB4082AF8739CB /* AudioToolbox.framework */ = {isa = PBXFileReference; name = "AudioToolbox.framework"; path = "System/Library/Frameworks/AudioToolbox.framework"; sourceTree = SDKROOT; fileEncoding = undefined; lastKnownFileType = wrapper.framework; explicitFileType = undefined; includeInIndex = 0; };
		F4C525A72BDB474D8586B763 /* CDVFile.m */ = {isa = PBXFileReference; name = "CDVFile.m"; path = "cordova-plugin-file/CDVFile.m"; sourceTree = "<group>"; fileEncoding = 4; lastKnownFileType = sourcecode.c.objc; explicitFileType = undefined; includeInIndex = 0; };
		C3142BB3FD3147A3BC82A800 /* CDVLocalFilesystem.m */ = {isa = PBXFileReference; name = "CDVLocalFilesystem.m"; path = "cordova-plugin-file/CDVLocalFilesystem.m"; sourceTree = "<group>"; fileEncoding = 4; lastKnownFileType = sourcecode.c.objc; explicitFileType = undefined; includeInIndex = 0; };
		E361778A8E854B5EBB996502 /* CDVAssetLibraryFilesystem.m */ = {isa = PBXFileReference; name = "CDVAssetLibraryFilesystem.m"; path = "cordova-plugin-file/CDVAssetLibraryFilesystem.m"; sourceTree = "<group>"; fileEncoding = 4; lastKnownFileType = sourcecode.c.objc; explicitFileType = undefined; includeInIndex = 0; };
		C10DB7EF404D493ABC7C2D09 /* CDVFile.h */ = {isa = PBXFileReference; name = "CDVFile.h"; path = "cordova-plugin-file/CDVFile.h"; sourceTree = "<group>"; fileEncoding = 4; lastKnownFileType = sourcecode.c.h; explicitFileType = undefined; includeInIndex = 0; };
		BB960D329E43414D98F24A8B /* CDVLocalFilesystem.h */ = {isa = PBXFileReference; name = "CDVLocalFilesystem.h"; path = "cordova-plugin-file/CDVLocalFilesystem.h"; sourceTree = "<group>"; fileEncoding = 4; lastKnownFileType = sourcecode.c.h; explicitFileType = undefined; includeInIndex = 0; };
		945C740CD0B44130B6DD8DAD /* CDVAssetLibraryFilesystem.h */ = {isa = PBXFileReference; name = "CDVAssetLibraryFilesystem.h"; path = "cordova-plugin-file/CDVAssetLibraryFilesystem.h"; sourceTree = "<group>"; fileEncoding = 4; lastKnownFileType = sourcecode.c.h; explicitFileType = undefined; includeInIndex = 0; };
		373640467E0F41C5A8C73615 /* CDVFileTransfer.m */ = {isa = PBXFileReference; name = "CDVFileTransfer.m"; path = "cordova-plugin-file-transfer/CDVFileTransfer.m"; sourceTree = "<group>"; fileEncoding = 4; lastKnownFileType = sourcecode.c.objc; explicitFileType = undefined; includeInIndex = 0; };
		69625FF3552E4D329170E1BE /* CDVFileTransfer.h */ = {isa = PBXFileReference; name = "CDVFileTransfer.h"; path = "cordova-plugin-file-transfer/CDVFileTransfer.h"; sourceTree = "<group>"; fileEncoding = 4; lastKnownFileType = sourcecode.c.h; explicitFileType = undefined; includeInIndex = 0; };
		E4E95997654B4360968437C9 /* CDVLocation.m */ = {isa = PBXFileReference; name = "CDVLocation.m"; path = "cordova-plugin-geolocation/CDVLocation.m"; sourceTree = "<group>"; fileEncoding = 4; lastKnownFileType = sourcecode.c.objc; explicitFileType = undefined; includeInIndex = 0; };
		AEDCECADEA1A49B392A49018 /* CDVLocation.h */ = {isa = PBXFileReference; name = "CDVLocation.h"; path = "cordova-plugin-geolocation/CDVLocation.h"; sourceTree = "<group>"; fileEncoding = 4; lastKnownFileType = sourcecode.c.h; explicitFileType = undefined; includeInIndex = 0; };
		74FD788AD3E74B12BCEAA6D3 /* CDVGlobalization.m */ = {isa = PBXFileReference; name = "CDVGlobalization.m"; path = "cordova-plugin-globalization/CDVGlobalization.m"; sourceTree = "<group>"; fileEncoding = 4; lastKnownFileType = sourcecode.c.objc; explicitFileType = undefined; includeInIndex = 0; };
		DB8403ADAFC4489BBF25AB00 /* CDVGlobalization.h */ = {isa = PBXFileReference; name = "CDVGlobalization.h"; path = "cordova-plugin-globalization/CDVGlobalization.h"; sourceTree = "<group>"; fileEncoding = 4; lastKnownFileType = sourcecode.c.h; explicitFileType = undefined; includeInIndex = 0; };
		957059A0C0B545DB8D1CF576 /* CDVInAppBrowser.m */ = {isa = PBXFileReference; name = "CDVInAppBrowser.m"; path = "cordova-plugin-inappbrowser/CDVInAppBrowser.m"; sourceTree = "<group>"; fileEncoding = 4; lastKnownFileType = sourcecode.c.objc; explicitFileType = undefined; includeInIndex = 0; };
		3B280B3B3AB1424B8B97F439 /* CDVInAppBrowser.h */ = {isa = PBXFileReference; name = "CDVInAppBrowser.h"; path = "cordova-plugin-inappbrowser/CDVInAppBrowser.h"; sourceTree = "<group>"; fileEncoding = 4; lastKnownFileType = sourcecode.c.h; explicitFileType = undefined; includeInIndex = 0; };
		97FE7656FB384945A62CF829 /* CDVSound.m */ = {isa = PBXFileReference; name = "CDVSound.m"; path = "cordova-plugin-media/CDVSound.m"; sourceTree = "<group>"; fileEncoding = 4; lastKnownFileType = sourcecode.c.objc; explicitFileType = undefined; includeInIndex = 0; };
		581981F0CA7B49289DFD9159 /* CDVSound.h */ = {isa = PBXFileReference; name = "CDVSound.h"; path = "cordova-plugin-media/CDVSound.h"; sourceTree = "<group>"; fileEncoding = 4; lastKnownFileType = sourcecode.c.h; explicitFileType = undefined; includeInIndex = 0; };
		CBF5C5F826B649379FF8F940 /* CDVCapture.m */ = {isa = PBXFileReference; name = "CDVCapture.m"; path = "cordova-plugin-media-capture/CDVCapture.m"; sourceTree = "<group>"; fileEncoding = 4; lastKnownFileType = sourcecode.c.objc; explicitFileType = undefined; includeInIndex = 0; };
		7479E94A5A8E45B9BE290337 /* CDVCapture.h */ = {isa = PBXFileReference; name = "CDVCapture.h"; path = "cordova-plugin-media-capture/CDVCapture.h"; sourceTree = "<group>"; fileEncoding = 4; lastKnownFileType = sourcecode.c.h; explicitFileType = undefined; includeInIndex = 0; };
		A43362B7A50A473286D495B9 /* CDVCapture.bundle */ = {isa = PBXFileReference; name = "CDVCapture.bundle"; path = "CDVCapture.bundle"; sourceTree = "<group>"; fileEncoding = undefined; lastKnownFileType = wrapper.plug-in; explicitFileType = undefined; includeInIndex = 0; };
		31007E41A88C4FC99D360398 /* CDVConnection.m */ = {isa = PBXFileReference; name = "CDVConnection.m"; path = "cordova-plugin-network-information/CDVConnection.m"; sourceTree = "<group>"; fileEncoding = 4; lastKnownFileType = sourcecode.c.objc; explicitFileType = undefined; includeInIndex = 0; };
		4FEE01A3C2B14976BD37CB27 /* CDVReachability.m */ = {isa = PBXFileReference; name = "CDVReachability.m"; path = "cordova-plugin-network-information/CDVReachability.m"; sourceTree = "<group>"; fileEncoding = 4; lastKnownFileType = sourcecode.c.objc; explicitFileType = undefined; includeInIndex = 0; };
		81FFDC2326304B72BE3B4AB7 /* CDVConnection.h */ = {isa = PBXFileReference; name = "CDVConnection.h"; path = "cordova-plugin-network-information/CDVConnection.h"; sourceTree = "<group>"; fileEncoding = 4; lastKnownFileType = sourcecode.c.h; explicitFileType = undefined; includeInIndex = 0; };
		A76CB8143FA64C72A33DE646 /* CDVReachability.h */ = {isa = PBXFileReference; name = "CDVReachability.h"; path = "cordova-plugin-network-information/CDVReachability.h"; sourceTree = "<group>"; fileEncoding = 4; lastKnownFileType = sourcecode.c.h; explicitFileType = undefined; includeInIndex = 0; };
		0E62988F79D5410EBE05764A /* SystemConfiguration.framework */ = {isa = PBXFileReference; name = "SystemConfiguration.framework"; path = "System/Library/Frameworks/SystemConfiguration.framework"; sourceTree = SDKROOT; fileEncoding = undefined; lastKnownFileType = wrapper.framework; explicitFileType = undefined; includeInIndex = 0; };
		7DE9EC5D32404673B5B47EC0 /* CoreTelephony.framework */ = {isa = PBXFileReference; name = "CoreTelephony.framework"; path = "System/Library/Frameworks/CoreTelephony.framework"; sourceTree = SDKROOT; fileEncoding = undefined; lastKnownFileType = wrapper.framework; explicitFileType = undefined; includeInIndex = 0; };
		D68846AD2F9B4098961834C2 /* CDVSplashScreen.m */ = {isa = PBXFileReference; name = "CDVSplashScreen.m"; path = "cordova-plugin-splashscreen/CDVSplashScreen.m"; sourceTree = "<group>"; fileEncoding = 4; lastKnownFileType = sourcecode.c.objc; explicitFileType = undefined; includeInIndex = 0; };
		ECDC09E5733F44489CF2903C /* CDVViewController+SplashScreen.m */ = {isa = PBXFileReference; name = "CDVViewController+SplashScreen.m"; path = "cordova-plugin-splashscreen/CDVViewController+SplashScreen.m"; sourceTree = "<group>"; fileEncoding = 4; lastKnownFileType = sourcecode.c.objc; explicitFileType = undefined; includeInIndex = 0; };
		D9D9D88073754496B8B19C11 /* CDVSplashScreen.h */ = {isa = PBXFileReference; name = "CDVSplashScreen.h"; path = "cordova-plugin-splashscreen/CDVSplashScreen.h"; sourceTree = "<group>"; fileEncoding = 4; lastKnownFileType = sourcecode.c.h; explicitFileType = undefined; includeInIndex = 0; };
		D1D25ED39F39432AB0F8B964 /* CDVViewController+SplashScreen.h */ = {isa = PBXFileReference; name = "CDVViewController+SplashScreen.h"; path = "cordova-plugin-splashscreen/CDVViewController+SplashScreen.h"; sourceTree = "<group>"; fileEncoding = 4; lastKnownFileType = sourcecode.c.h; explicitFileType = undefined; includeInIndex = 0; };
		76B3471E540443CAB459E9ED /* CDVStatusBar.m */ = {isa = PBXFileReference; name = "CDVStatusBar.m"; path = "cordova-plugin-statusbar/CDVStatusBar.m"; sourceTree = "<group>"; fileEncoding = 4; lastKnownFileType = sourcecode.c.objc; explicitFileType = undefined; includeInIndex = 0; };
		74FB427E35474D3BA0CABE97 /* CDVStatusBar.h */ = {isa = PBXFileReference; name = "CDVStatusBar.h"; path = "cordova-plugin-statusbar/CDVStatusBar.h"; sourceTree = "<group>"; fileEncoding = 4; lastKnownFileType = sourcecode.c.h; explicitFileType = undefined; includeInIndex = 0; };
		D99A0792D76446E3A95EE342 /* CDVVibration.m */ = {isa = PBXFileReference; name = "CDVVibration.m"; path = "cordova-plugin-vibration/CDVVibration.m"; sourceTree = "<group>"; fileEncoding = 4; lastKnownFileType = sourcecode.c.objc; explicitFileType = undefined; includeInIndex = 0; };
		A9DF446986CF40A0B48A4FC7 /* CDVVibration.h */ = {isa = PBXFileReference; name = "CDVVibration.h"; path = "cordova-plugin-vibration/CDVVibration.h"; sourceTree = "<group>"; fileEncoding = 4; lastKnownFileType = sourcecode.c.h; explicitFileType = undefined; includeInIndex = 0; };
/* End PBXFileReference section */

/* Begin PBXFrameworksBuildPhase section */
		1D60588F0D05DD3D006BFB54 /* Frameworks */ = {
			isa = PBXFrameworksBuildPhase;
			buildActionMask = 2147483647;
			files = (
				301BF552109A68D80062928A /* libCordova.a in Frameworks */,
				7D6AF565F5CC45A1B88973AC /* ImageIO.framework in Frameworks */,
				B5256922369244638849867F /* CoreLocation.framework in Frameworks */,
				87BE13B51F9345BB8F1657FB /* AVFoundation.framework in Frameworks */,
				AC8B30A350264E62880E11DF /* AddressBook.framework in Frameworks */,
				CFADAE8A68554FCE9ACE4B2F /* AddressBookUI.framework in Frameworks */,
				003F7FCDE29E4E64824F5C88 /* CoreMotion.framework in Frameworks */,
				CDC6048756524F9BBD9A08B2 /* AudioToolbox.framework in Frameworks */,
				6973E26FA4FA44D9AD5D6BF5 /* SystemConfiguration.framework in Frameworks */,
				7B07086D7F724292AD28B816 /* CoreTelephony.framework in Frameworks */,
			);
			runOnlyForDeploymentPostprocessing = 0;
		};
/* End PBXFrameworksBuildPhase section */

/* Begin PBXGroup section */
		080E96DDFE201D6D7F000001 /* Classes */ = {
			isa = PBXGroup;
			children = (
				302D95EE14D2391D003F00A1 /* MainViewController.h */,
				302D95EF14D2391D003F00A1 /* MainViewController.m */,
				302D95F014D2391D003F00A1 /* MainViewController.xib */,
				1D3623240D0F684500981E51 /* AppDelegate.h */,
				1D3623250D0F684500981E51 /* AppDelegate.m */,
			);
			name = Classes;
			path = "SmileApp/Classes";
			sourceTree = SOURCE_ROOT;
		};
		19C28FACFE9D520D11CA2CBB /* Products */ = {
			isa = PBXGroup;
			children = (
				1D6058910D05DD3D006BFB54 /* SmileApp.app */,
			);
			name = Products;
			sourceTree = "<group>";
		};
		29B97314FDCFA39411CA2CEA /* CustomTemplate */ = {
			isa = PBXGroup;
			children = (
				EB87FDF41871DAF40020F90C /* config.xml */,
				EB87FDF31871DA8E0020F90C /* www */,
				EB87FDF11871DA420020F90C /* Staging */,
				301BF52D109A57CC0062928A /* CordovaLib.xcodeproj */,
				080E96DDFE201D6D7F000001 /* Classes */,
				307C750510C5A3420062BCA9 /* Plugins */,
				29B97315FDCFA39411CA2CEA /* Other Sources */,
				29B97317FDCFA39411CA2CEA /* Resources */,
				29B97323FDCFA39411CA2CEA /* Frameworks */,
				19C28FACFE9D520D11CA2CBB /* Products */,
			);
			name = CustomTemplate;
			sourceTree = "<group>";
		};
		29B97315FDCFA39411CA2CEA /* Other Sources */ = {
			isa = PBXGroup;
			children = (
				32CA4F630368D1EE00C91783 /* SmileApp-Prefix.pch */,
				29B97316FDCFA39411CA2CEA /* main.m */,
				ED33DF2A687741AEAF9F8254 /* Bridging-Header.h */,
			);
			name = "Other Sources";
			path = "SmileApp";
			sourceTree = "<group>";
		};
		29B97317FDCFA39411CA2CEA /* Resources */ = {
			isa = PBXGroup;
			children = (
				0207DA571B56EA530066E2B4 /* Images.xcassets */,
				3047A50E1AB8057F00498E2A /* config */,
				8D1107310486CEB800E47090 /* SmileApp-Info.plist */,
				0F56E10EF18E4DD09CAE230C /* CDVNotification.bundle */,
				A43362B7A50A473286D495B9 /* CDVCapture.bundle */,
			);
			name = Resources;
			path = "SmileApp/Resources";
			sourceTree = "<group>";
		};
		29B97323FDCFA39411CA2CEA /* Frameworks */ = {
			isa = PBXGroup;
			children = (
				9C42D874059B4146B01F319D /* ImageIO.framework */,
				7348FC2DCA2B492BB5B8D605 /* CoreLocation.framework */,
				9E07E924F8D7471B83FBC3E1 /* AVFoundation.framework */,
				49C7A201BC354BB9A5B23B9D /* AddressBook.framework */,
				4A6CB16A0F9A43A2B4D8E013 /* AddressBookUI.framework */,
				24B7AC19C0CC4D61B84E07B4 /* CoreMotion.framework */,
				2F46DF79D3FB4082AF8739CB /* AudioToolbox.framework */,
				0E62988F79D5410EBE05764A /* SystemConfiguration.framework */,
				7DE9EC5D32404673B5B47EC0 /* CoreTelephony.framework */,
			);
			name = Frameworks;
			sourceTree = "<group>";
		};
		301BF52E109A57CC0062928A /* Products */ = {
			isa = PBXGroup;
			children = (
				301BF535109A57CC0062928A /* libCordova.a */,
			);
			name = Products;
			sourceTree = "<group>";
		};
		3047A50E1AB8057F00498E2A /* config */ = {
			isa = PBXGroup;
			children = (
				3047A50F1AB8059700498E2A /* build-debug.xcconfig */,
				3047A5101AB8059700498E2A /* build-release.xcconfig */,
				3047A5111AB8059700498E2A /* build.xcconfig */,
			);
			name = config;
			sourceTree = "<group>";
		};
		307C750510C5A3420062BCA9 /* Plugins */ = {
			isa = PBXGroup;
			children = (
				A04819BEF2E54BC196B93347 /* CDVBattery.m */,
				63AE199E09A84836BBD681DC /* CDVBattery.h */,
				92F140BCC368460AA92C7FF2 /* UIImage+CropScaleOrientation.m */,
				6CC1286CE25D495F9BB0932A /* CDVCamera.m */,
				FCF2ED77FA30464B8D9B769D /* CDVJpegHeaderWriter.m */,
				62119CCEA52C4C03963768D9 /* UIImage+CropScaleOrientation.h */,
				0F5BE810A3704D569D72D34C /* CDVCamera.h */,
				64692B66E39B49E9814C3D3E /* CDVJpegHeaderWriter.h */,
				172DC8DD632741E193293CAD /* CDVExif.h */,
				617AB28F157842A2946C1E0B /* CDVLogger.m */,
				794B28F7ACB24263B71E0C80 /* CDVLogger.h */,
				CEAFA83307A44C0EBF254877 /* CDVContacts.m */,
				B0547D900DFF40739816D72A /* CDVContact.m */,
				8502ECA305B84C8E8FDF80BF /* CDVContacts.h */,
				F5715C6E984D4E6093CC6ED6 /* CDVContact.h */,
				14297EA69619459384648D83 /* CDVDevice.m */,
				ADA38B0BA6D14CAD8D60043D /* CDVDevice.h */,
				B200145C025F45B5B01456C9 /* CDVAccelerometer.m */,
				A3AC3ED96196491D9A2567E4 /* CDVAccelerometer.h */,
				A2D3295FBCDF4AFD871E86F3 /* CDVCompass.m */,
				33A83F0E40F14F55B5F4B6B2 /* CDVCompass.h */,
				601B6928EDF34AF7A5F7F0E6 /* CDVNotification.m */,
				F18191F06FF444F0A6924C54 /* CDVNotification.h */,
				F4C525A72BDB474D8586B763 /* CDVFile.m */,
				C3142BB3FD3147A3BC82A800 /* CDVLocalFilesystem.m */,
				E361778A8E854B5EBB996502 /* CDVAssetLibraryFilesystem.m */,
				C10DB7EF404D493ABC7C2D09 /* CDVFile.h */,
				BB960D329E43414D98F24A8B /* CDVLocalFilesystem.h */,
				945C740CD0B44130B6DD8DAD /* CDVAssetLibraryFilesystem.h */,
				373640467E0F41C5A8C73615 /* CDVFileTransfer.m */,
				69625FF3552E4D329170E1BE /* CDVFileTransfer.h */,
				E4E95997654B4360968437C9 /* CDVLocation.m */,
				AEDCECADEA1A49B392A49018 /* CDVLocation.h */,
				74FD788AD3E74B12BCEAA6D3 /* CDVGlobalization.m */,
				DB8403ADAFC4489BBF25AB00 /* CDVGlobalization.h */,
				957059A0C0B545DB8D1CF576 /* CDVInAppBrowser.m */,
				3B280B3B3AB1424B8B97F439 /* CDVInAppBrowser.h */,
				97FE7656FB384945A62CF829 /* CDVSound.m */,
				581981F0CA7B49289DFD9159 /* CDVSound.h */,
				CBF5C5F826B649379FF8F940 /* CDVCapture.m */,
				7479E94A5A8E45B9BE290337 /* CDVCapture.h */,
				31007E41A88C4FC99D360398 /* CDVConnection.m */,
				4FEE01A3C2B14976BD37CB27 /* CDVReachability.m */,
				81FFDC2326304B72BE3B4AB7 /* CDVConnection.h */,
				A76CB8143FA64C72A33DE646 /* CDVReachability.h */,
				D68846AD2F9B4098961834C2 /* CDVSplashScreen.m */,
				ECDC09E5733F44489CF2903C /* CDVViewController+SplashScreen.m */,
				D9D9D88073754496B8B19C11 /* CDVSplashScreen.h */,
				D1D25ED39F39432AB0F8B964 /* CDVViewController+SplashScreen.h */,
				76B3471E540443CAB459E9ED /* CDVStatusBar.m */,
				74FB427E35474D3BA0CABE97 /* CDVStatusBar.h */,
				D99A0792D76446E3A95EE342 /* CDVVibration.m */,
				A9DF446986CF40A0B48A4FC7 /* CDVVibration.h */,
			);
			name = Plugins;
			path = "SmileApp/Plugins";
			sourceTree = SOURCE_ROOT;
		};
		EB87FDF11871DA420020F90C /* Staging */ = {
			isa = PBXGroup;
			children = (
				F840E1F0165FE0F500CFE078 /* config.xml */,
				301BF56E109A69640062928A /* www */,
			);
			name = Staging;
			sourceTree = "<group>";
		};
/* End PBXGroup section */

/* Begin PBXNativeTarget section */
		1D6058900D05DD3D006BFB54 /* SmileApp */ = {
			isa = PBXNativeTarget;
			buildConfigurationList = 1D6058960D05DD3E006BFB54 /* Build configuration list for PBXNativeTarget "SmileApp" */;
			buildPhases = (
				304B58A110DAC018002A0835 /* Copy www directory */,
				1D60588D0D05DD3D006BFB54 /* Resources */,
				1D60588E0D05DD3D006BFB54 /* Sources */,
				1D60588F0D05DD3D006BFB54 /* Frameworks */,
			);
			buildRules = (
			);
			dependencies = (
				301BF551109A68C00062928A /* PBXTargetDependency */,
			);
			name = "SmileApp";
			productName = "SmileApp";
			productReference = 1D6058910D05DD3D006BFB54 /* SmileApp.app */;
			productType = "com.apple.product-type.application";
		};
/* End PBXNativeTarget section */

/* Begin PBXProject section */
		29B97313FDCFA39411CA2CEA /* Project object */ = {
			isa = PBXProject;
			attributes = {
				LastUpgradeCheck = 510;
			};
			buildConfigurationList = C01FCF4E08A954540054247B /* Build configuration list for PBXProject "__NON-CLI__" */;
			compatibilityVersion = "Xcode 3.2";
			developmentRegion = English;
			hasScannedForEncodings = 1;
			mainGroup = 29B97314FDCFA39411CA2CEA /* CustomTemplate */;
			projectDirPath = "";
			projectReferences = (
				{
					ProductGroup = 301BF52E109A57CC0062928A /* Products */;
					ProjectRef = 301BF52D109A57CC0062928A /* CordovaLib.xcodeproj */;
				},
			);
			projectRoot = "";
			targets = (
				1D6058900D05DD3D006BFB54 /* SmileApp */,
			);
		};
/* End PBXProject section */

/* Begin PBXReferenceProxy section */
		301BF535109A57CC0062928A /* libCordova.a */ = {
			isa = PBXReferenceProxy;
			fileType = archive.ar;
			path = libCordova.a;
			remoteRef = 301BF534109A57CC0062928A /* PBXContainerItemProxy */;
			sourceTree = BUILT_PRODUCTS_DIR;
		};
/* End PBXReferenceProxy section */

/* Begin PBXResourcesBuildPhase section */
		1D60588D0D05DD3D006BFB54 /* Resources */ = {
			isa = PBXResourcesBuildPhase;
			buildActionMask = 2147483647;
			files = (
				302D95F214D2391D003F00A1 /* MainViewController.xib in Resources */,
				3047A5131AB8059700498E2A /* build-release.xcconfig in Resources */,
				3047A5141AB8059700498E2A /* build.xcconfig in Resources */,
				0207DA581B56EA530066E2B4 /* Images.xcassets in Resources */,
				3047A5121AB8059700498E2A /* build-debug.xcconfig in Resources */,
				3B20E952AB654FCB80A969B9 /* CDVNotification.bundle in Resources */,
				5409F123C9B749A1AA37F74D /* CDVCapture.bundle in Resources */,
			);
			runOnlyForDeploymentPostprocessing = 0;
		};
/* End PBXResourcesBuildPhase section */

/* Begin PBXShellScriptBuildPhase section */
		304B58A110DAC018002A0835 /* Copy www directory */ = {
			isa = PBXShellScriptBuildPhase;
			buildActionMask = 2147483647;
			files = (
			);
			inputPaths = (
			);
			name = "Copy www directory";
			outputPaths = (
			);
			runOnlyForDeploymentPostprocessing = 0;
			shellPath = /bin/sh;
			shellScript = "NODEJS_PATH=/usr/local/bin; NVM_NODE_PATH=~/.nvm/versions/node/`nvm version 2>/dev/null`/bin; N_NODE_PATH=`find /usr/local/n/versions/node/* -maxdepth 0 -type d 2>/dev/null | tail -1`/bin; XCODE_NODE_PATH=`xcode-select --print-path`/usr/share/xcs/Node/bin; PATH=$NODEJS_PATH:$NVM_NODE_PATH:$N_NODE_PATH:$XCODE_NODE_PATH:$PATH && node cordova/lib/copy-www-build-step.js";
			showEnvVarsInLog = 0;
		};
/* End PBXShellScriptBuildPhase section */

/* Begin PBXSourcesBuildPhase section */
		1D60588E0D05DD3D006BFB54 /* Sources */ = {
			isa = PBXSourcesBuildPhase;
			buildActionMask = 2147483647;
			files = (
				1D60589B0D05DD56006BFB54 /* main.m in Sources */,
				1D3623260D0F684500981E51 /* AppDelegate.m in Sources */,
				302D95F114D2391D003F00A1 /* MainViewController.m in Sources */,
				989532FB8DA746F3808C304A /* CDVBattery.m in Sources */,
				A936BF501504468486276784 /* UIImage+CropScaleOrientation.m in Sources */,
				59938B297DBC4720B4926B0A /* CDVCamera.m in Sources */,
				6DB1693AACD04C159D1BF724 /* CDVJpegHeaderWriter.m in Sources */,
				13DD33C64BE249CEAB8713C0 /* CDVLogger.m in Sources */,
				879425E79B6C4EA6A0504D44 /* CDVContacts.m in Sources */,
				1E044C07596E44E3882892C2 /* CDVContact.m in Sources */,
				EED2638843AA4506B2D136B3 /* CDVDevice.m in Sources */,
				FF2EEE8F2D7A4DC188677BED /* CDVAccelerometer.m in Sources */,
				525864D37B7549CC971C15BC /* CDVCompass.m in Sources */,
				7FE3575C1DA44BCE94E34CCC /* CDVNotification.m in Sources */,
				30048306FFC04E32B3D96B26 /* CDVFile.m in Sources */,
				5F84E438EC32464EAC7E8F13 /* CDVLocalFilesystem.m in Sources */,
				0BEBC80640ED433E8CBFA00C /* CDVAssetLibraryFilesystem.m in Sources */,
				F83CF5FA745D42FCA81F7485 /* CDVFileTransfer.m in Sources */,
				F6C9D300719840E3BFC8817D /* CDVLocation.m in Sources */,
				EE5D4728A9AF477F91E0EB1C /* CDVGlobalization.m in Sources */,
				47AD5C4108574FC0A48112D3 /* CDVInAppBrowser.m in Sources */,
				C63AE8EA76774EB2AA88A0B6 /* CDVSound.m in Sources */,
				D65205FFC1A04E6FA08CDEBA /* CDVCapture.m in Sources */,
				FECB6F18E490497F9E0066A5 /* CDVConnection.m in Sources */,
				CE51582E167840F1A86809BE /* CDVReachability.m in Sources */,
				65A016E7EBD043DAB0F79987 /* CDVSplashScreen.m in Sources */,
				AFC21804A08541C3B88F785E /* CDVViewController+SplashScreen.m in Sources */,
				99AB2D3A4D234DABA5F70ABC /* CDVStatusBar.m in Sources */,
				AB30458A1977415890166152 /* CDVVibration.m in Sources */,
			);
			runOnlyForDeploymentPostprocessing = 0;
		};
/* End PBXSourcesBuildPhase section */

/* Begin PBXTargetDependency section */
		301BF551109A68C00062928A /* PBXTargetDependency */ = {
			isa = PBXTargetDependency;
			name = CordovaLib;
			targetProxy = 301BF550109A68C00062928A /* PBXContainerItemProxy */;
		};
/* End PBXTargetDependency section */

/* Begin XCBuildConfiguration section */
		1D6058940D05DD3E006BFB54 /* Debug */ = {
			isa = XCBuildConfiguration;
			baseConfigurationReference = 3047A50F1AB8059700498E2A /* build-debug.xcconfig */;
			buildSettings = {
				ALWAYS_SEARCH_USER_PATHS = NO;
				ASSETCATALOG_COMPILER_APPICON_NAME = AppIcon;
				ASSETCATALOG_COMPILER_LAUNCHIMAGE_NAME = LaunchImage;
				CLANG_ENABLE_MODULES = YES;
				CLANG_ENABLE_OBJC_ARC = YES;
				COPY_PHASE_STRIP = NO;
				GCC_DYNAMIC_NO_PIC = NO;
				GCC_OPTIMIZATION_LEVEL = 0;
				GCC_PRECOMPILE_PREFIX_HEADER = YES;
				GCC_PREFIX_HEADER = "SmileApp/SmileApp-Prefix.pch";
				GCC_THUMB_SUPPORT = NO;
				GCC_VERSION = "";
				INFOPLIST_FILE = "SmileApp/SmileApp-Info.plist";
				LD_RUNPATH_SEARCH_PATHS = "@executable_path/Frameworks";
				PRODUCT_NAME = "SmileApp";
			};
			name = Debug;
		};
		1D6058950D05DD3E006BFB54 /* Release */ = {
			isa = XCBuildConfiguration;
			baseConfigurationReference = 3047A5101AB8059700498E2A /* build-release.xcconfig */;
			buildSettings = {
				ALWAYS_SEARCH_USER_PATHS = NO;
				ASSETCATALOG_COMPILER_APPICON_NAME = AppIcon;
				ASSETCATALOG_COMPILER_LAUNCHIMAGE_NAME = LaunchImage;
				CLANG_ENABLE_MODULES = YES;
				CLANG_ENABLE_OBJC_ARC = YES;
				COPY_PHASE_STRIP = YES;
				GCC_PRECOMPILE_PREFIX_HEADER = YES;
				GCC_PREFIX_HEADER = "SmileApp/SmileApp-Prefix.pch";
				GCC_THUMB_SUPPORT = NO;
				GCC_VERSION = "";
				INFOPLIST_FILE = "SmileApp/SmileApp-Info.plist";
				PRODUCT_NAME = "SmileApp";
			};
			name = Release;
		};
		C01FCF4F08A954540054247B /* Debug */ = {
			isa = XCBuildConfiguration;
			baseConfigurationReference = 3047A5111AB8059700498E2A /* build.xcconfig */;
			buildSettings = {
				CLANG_ENABLE_MODULES = YES;
				CLANG_ENABLE_OBJC_ARC = YES;
				CLANG_WARN_BOOL_CONVERSION = YES;
				CLANG_WARN_CONSTANT_CONVERSION = YES;
				CLANG_WARN_EMPTY_BODY = YES;
				CLANG_WARN_ENUM_CONVERSION = YES;
				CLANG_WARN_INT_CONVERSION = YES;
				CLANG_WARN__DUPLICATE_METHOD_MATCH = YES;
				GCC_C_LANGUAGE_STANDARD = c99;
				GCC_THUMB_SUPPORT = NO;
				GCC_VERSION = "";
				GCC_WARN_ABOUT_RETURN_TYPE = YES;
				GCC_WARN_UNDECLARED_SELECTOR = YES;
				GCC_WARN_UNINITIALIZED_AUTOS = YES;
				GCC_WARN_UNUSED_FUNCTION = YES;
				GCC_WARN_UNUSED_VARIABLE = YES;
				ONLY_ACTIVE_ARCH = YES;
				SDKROOT = iphoneos;
				SKIP_INSTALL = NO;
			};
			name = Debug;
		};
		C01FCF5008A954540054247B /* Release */ = {
			isa = XCBuildConfiguration;
			baseConfigurationReference = 3047A5111AB8059700498E2A /* build.xcconfig */;
			buildSettings = {
				CLANG_ENABLE_MODULES = YES;
				CLANG_ENABLE_OBJC_ARC = YES;
				CLANG_WARN_BOOL_CONVERSION = YES;
				CLANG_WARN_CONSTANT_CONVERSION = YES;
				CLANG_WARN_EMPTY_BODY = YES;
				CLANG_WARN_ENUM_CONVERSION = YES;
				CLANG_WARN_INT_CONVERSION = YES;
				CLANG_WARN__DUPLICATE_METHOD_MATCH = YES;
				GCC_C_LANGUAGE_STANDARD = c99;
				GCC_THUMB_SUPPORT = NO;
				GCC_VERSION = "";
				GCC_WARN_ABOUT_RETURN_TYPE = YES;
				GCC_WARN_UNDECLARED_SELECTOR = YES;
				GCC_WARN_UNINITIALIZED_AUTOS = YES;
				GCC_WARN_UNUSED_FUNCTION = YES;
				GCC_WARN_UNUSED_VARIABLE = YES;
				SDKROOT = iphoneos;
				SKIP_INSTALL = NO;
			};
			name = Release;
		};
/* End XCBuildConfiguration section */

/* Begin XCConfigurationList section */
		1D6058960D05DD3E006BFB54 /* Build configuration list for PBXNativeTarget "SmileApp" */ = {
			isa = XCConfigurationList;
			buildConfigurations = (
				1D6058940D05DD3E006BFB54 /* Debug */,
				1D6058950D05DD3E006BFB54 /* Release */,
			);
			defaultConfigurationIsVisible = 0;
			defaultConfigurationName = Release;
		};
		C01FCF4E08A954540054247B /* Build configuration list for PBXProject "__NON-CLI__" */ = {
			isa = XCConfigurationList;
			buildConfigurations = (
				C01FCF4F08A954540054247B /* Debug */,
				C01FCF5008A954540054247B /* Release */,
			);
			defaultConfigurationIsVisible = 0;
			defaultConfigurationName = Release;
		};
/* End XCConfigurationList section */
	};
	rootObject = 29B97313FDCFA39411CA2CEA /* Project object */;
}
